// !$*UTF8*$!
{
	archiveVersion = 1;
	classes = {
	};
	objectVersion = 46;
	objects = {

/* Begin PBXBuildFile section */
		B23426E719485CED00A0D11C /* locked@2x.png in Resources */ = {isa = PBXBuildFile; fileRef = B23426E519485CED00A0D11C /* locked@2x.png */; };
		B23426E819485CED00A0D11C /* unlocked@2x.png in Resources */ = {isa = PBXBuildFile; fileRef = B23426E619485CED00A0D11C /* unlocked@2x.png */; };
		B23426EA1948670C00A0D11C /* lockedTransparent@2x.png in Resources */ = {isa = PBXBuildFile; fileRef = B23426E91948670C00A0D11C /* lockedTransparent@2x.png */; };
		B23E0ABC19475F3F00A924BB /* Foundation.framework in Frameworks */ = {isa = PBXBuildFile; fileRef = B23E0ABB19475F3F00A924BB /* Foundation.framework */; };
		B23E0ABE19475F3F00A924BB /* CoreGraphics.framework in Frameworks */ = {isa = PBXBuildFile; fileRef = B23E0ABD19475F3F00A924BB /* CoreGraphics.framework */; };
		B23E0AC019475F3F00A924BB /* UIKit.framework in Frameworks */ = {isa = PBXBuildFile; fileRef = B23E0ABF19475F3F00A924BB /* UIKit.framework */; };
		B23E0AC619475F3F00A924BB /* InfoPlist.strings in Resources */ = {isa = PBXBuildFile; fileRef = B23E0AC419475F3F00A924BB /* InfoPlist.strings */; };
		B23E0AC819475F3F00A924BB /* main.m in Sources */ = {isa = PBXBuildFile; fileRef = B23E0AC719475F3F00A924BB /* main.m */; };
		B23E0ACC19475F3F00A924BB /* AppDelegate.m in Sources */ = {isa = PBXBuildFile; fileRef = B23E0ACB19475F3F00A924BB /* AppDelegate.m */; };
		B23E0ACE19475F3F00A924BB /* Images.xcassets in Resources */ = {isa = PBXBuildFile; fileRef = B23E0ACD19475F3F00A924BB /* Images.xcassets */; };
		B23E0AD519475F3F00A924BB /* XCTest.framework in Frameworks */ = {isa = PBXBuildFile; fileRef = B23E0AD419475F3F00A924BB /* XCTest.framework */; };
		B23E0AD619475F3F00A924BB /* Foundation.framework in Frameworks */ = {isa = PBXBuildFile; fileRef = B23E0ABB19475F3F00A924BB /* Foundation.framework */; };
		B23E0AD719475F3F00A924BB /* UIKit.framework in Frameworks */ = {isa = PBXBuildFile; fileRef = B23E0ABF19475F3F00A924BB /* UIKit.framework */; };
		B23E0ADF19475F3F00A924BB /* InfoPlist.strings in Resources */ = {isa = PBXBuildFile; fileRef = B23E0ADD19475F3F00A924BB /* InfoPlist.strings */; };
		B23E0AE119475F3F00A924BB /* CirucularLockTests.m in Sources */ = {isa = PBXBuildFile; fileRef = B23E0AE019475F3F00A924BB /* CirucularLockTests.m */; };
		B23E0AEC1947650800A924BB /* TestViewController.m in Sources */ = {isa = PBXBuildFile; fileRef = B23E0AEB1947650800A924BB /* TestViewController.m */; };
		B23E0AEF1947653B00A924BB /* CircularLock.m in Sources */ = {isa = PBXBuildFile; fileRef = B23E0AEE1947653B00A924BB /* CircularLock.m */; };
/* End PBXBuildFile section */

/* Begin PBXContainerItemProxy section */
		B23E0AD819475F3F00A924BB /* PBXContainerItemProxy */ = {
			isa = PBXContainerItemProxy;
			containerPortal = B23E0AB019475F3F00A924BB /* Project object */;
			proxyType = 1;
			remoteGlobalIDString = B23E0AB719475F3F00A924BB;
			remoteInfo = CirucularLock;
		};
/* End PBXContainerItemProxy section */

/* Begin PBXFileReference section */
		B23426E519485CED00A0D11C /* locked@2x.png */ = {isa = PBXFileReference; lastKnownFileType = image.png; path = "locked@2x.png"; sourceTree = "<group>"; };
		B23426E619485CED00A0D11C /* unlocked@2x.png */ = {isa = PBXFileReference; lastKnownFileType = image.png; path = "unlocked@2x.png"; sourceTree = "<group>"; };
		B23426E91948670C00A0D11C /* lockedTransparent@2x.png */ = {isa = PBXFileReference; lastKnownFileType = image.png; path = "lockedTransparent@2x.png"; sourceTree = "<group>"; };
		B23E0AB819475F3F00A924BB /* CirucularLock.app */ = {isa = PBXFileReference; explicitFileType = wrapper.application; includeInIndex = 0; path = CirucularLock.app; sourceTree = BUILT_PRODUCTS_DIR; };
		B23E0ABB19475F3F00A924BB /* Foundation.framework */ = {isa = PBXFileReference; lastKnownFileType = wrapper.framework; name = Foundation.framework; path = System/Library/Frameworks/Foundation.framework; sourceTree = SDKROOT; };
		B23E0ABD19475F3F00A924BB /* CoreGraphics.framework */ = {isa = PBXFileReference; lastKnownFileType = wrapper.framework; name = CoreGraphics.framework; path = System/Library/Frameworks/CoreGraphics.framework; sourceTree = SDKROOT; };
		B23E0ABF19475F3F00A924BB /* UIKit.framework */ = {isa = PBXFileReference; lastKnownFileType = wrapper.framework; name = UIKit.framework; path = System/Library/Frameworks/UIKit.framework; sourceTree = SDKROOT; };
		B23E0AC319475F3F00A924BB /* CirucularLock-Info.plist */ = {isa = PBXFileReference; lastKnownFileType = text.plist.xml; path = "CirucularLock-Info.plist"; sourceTree = "<group>"; };
		B23E0AC519475F3F00A924BB /* en */ = {isa = PBXFileReference; lastKnownFileType = text.plist.strings; name = en; path = en.lproj/InfoPlist.strings; sourceTree = "<group>"; };
		B23E0AC719475F3F00A924BB /* main.m */ = {isa = PBXFileReference; lastKnownFileType = sourcecode.c.objc; path = main.m; sourceTree = "<group>"; };
		B23E0AC919475F3F00A924BB /* CirucularLock-Prefix.pch */ = {isa = PBXFileReference; lastKnownFileType = sourcecode.c.h; path = "CirucularLock-Prefix.pch"; sourceTree = "<group>"; };
		B23E0ACA19475F3F00A924BB /* AppDelegate.h */ = {isa = PBXFileReference; lastKnownFileType = sourcecode.c.h; path = AppDelegate.h; sourceTree = "<group>"; };
		B23E0ACB19475F3F00A924BB /* AppDelegate.m */ = {isa = PBXFileReference; lastKnownFileType = sourcecode.c.objc; path = AppDelegate.m; sourceTree = "<group>"; };
		B23E0ACD19475F3F00A924BB /* Images.xcassets */ = {isa = PBXFileReference; lastKnownFileType = folder.assetcatalog; path = Images.xcassets; sourceTree = "<group>"; };
		B23E0AD319475F3F00A924BB /* CirucularLockTests.xctest */ = {isa = PBXFileReference; explicitFileType = wrapper.cfbundle; includeInIndex = 0; path = CirucularLockTests.xctest; sourceTree = BUILT_PRODUCTS_DIR; };
		B23E0AD419475F3F00A924BB /* XCTest.framework */ = {isa = PBXFileReference; lastKnownFileType = wrapper.framework; name = XCTest.framework; path = Library/Frameworks/XCTest.framework; sourceTree = DEVELOPER_DIR; };
		B23E0ADC19475F3F00A924BB /* CirucularLockTests-Info.plist */ = {isa = PBXFileReference; lastKnownFileType = text.plist.xml; path = "CirucularLockTests-Info.plist"; sourceTree = "<group>"; };
		B23E0ADE19475F3F00A924BB /* en */ = {isa = PBXFileReference; lastKnownFileType = text.plist.strings; name = en; path = en.lproj/InfoPlist.strings; sourceTree = "<group>"; };
		B23E0AE019475F3F00A924BB /* CirucularLockTests.m */ = {isa = PBXFileReference; lastKnownFileType = sourcecode.c.objc; path = CirucularLockTests.m; sourceTree = "<group>"; };
		B23E0AEA1947650800A924BB /* TestViewController.h */ = {isa = PBXFileReference; fileEncoding = 4; lastKnownFileType = sourcecode.c.h; path = TestViewController.h; sourceTree = "<group>"; };
		B23E0AEB1947650800A924BB /* TestViewController.m */ = {isa = PBXFileReference; fileEncoding = 4; lastKnownFileType = sourcecode.c.objc; path = TestViewController.m; sourceTree = "<group>"; };
		B23E0AED1947653B00A924BB /* CircularLock.h */ = {isa = PBXFileReference; fileEncoding = 4; lastKnownFileType = sourcecode.c.h; path = CircularLock.h; sourceTree = "<group>"; };
		B23E0AEE1947653B00A924BB /* CircularLock.m */ = {isa = PBXFileReference; fileEncoding = 4; lastKnownFileType = sourcecode.c.objc; path = CircularLock.m; sourceTree = "<group>"; };
/* End PBXFileReference section */

/* Begin PBXFrameworksBuildPhase section */
		B23E0AB519475F3F00A924BB /* Frameworks */ = {
			isa = PBXFrameworksBuildPhase;
			buildActionMask = 2147483647;
			files = (
				B23E0ABE19475F3F00A924BB /* CoreGraphics.framework in Frameworks */,
				B23E0AC019475F3F00A924BB /* UIKit.framework in Frameworks */,
				B23E0ABC19475F3F00A924BB /* Foundation.framework in Frameworks */,
			);
			runOnlyForDeploymentPostprocessing = 0;
		};
		B23E0AD019475F3F00A924BB /* Frameworks */ = {
			isa = PBXFrameworksBuildPhase;
			buildActionMask = 2147483647;
			files = (
				B23E0AD519475F3F00A924BB /* XCTest.framework in Frameworks */,
				B23E0AD719475F3F00A924BB /* UIKit.framework in Frameworks */,
				B23E0AD619475F3F00A924BB /* Foundation.framework in Frameworks */,
			);
			runOnlyForDeploymentPostprocessing = 0;
		};
/* End PBXFrameworksBuildPhase section */

/* Begin PBXGroup section */
		B23426E419485CED00A0D11C /* Resources */ = {
			isa = PBXGroup;
			children = (
				B23426E91948670C00A0D11C /* lockedTransparent@2x.png */,
				B23426E519485CED00A0D11C /* locked@2x.png */,
				B23426E619485CED00A0D11C /* unlocked@2x.png */,
			);
			path = Resources;
			sourceTree = "<group>";
		};
		B23E0AAF19475F3F00A924BB = {
			isa = PBXGroup;
			children = (
				B23E0AC119475F3F00A924BB /* CirucularLock */,
				B23E0ADA19475F3F00A924BB /* CirucularLockTests */,
				B23E0ABA19475F3F00A924BB /* Frameworks */,
				B23E0AB919475F3F00A924BB /* Products */,
			);
			sourceTree = "<group>";
		};
		B23E0AB919475F3F00A924BB /* Products */ = {
			isa = PBXGroup;
			children = (
				B23E0AB819475F3F00A924BB /* CirucularLock.app */,
				B23E0AD319475F3F00A924BB /* CirucularLockTests.xctest */,
			);
			name = Products;
			sourceTree = "<group>";
		};
		B23E0ABA19475F3F00A924BB /* Frameworks */ = {
			isa = PBXGroup;
			children = (
				B23E0ABB19475F3F00A924BB /* Foundation.framework */,
				B23E0ABD19475F3F00A924BB /* CoreGraphics.framework */,
				B23E0ABF19475F3F00A924BB /* UIKit.framework */,
				B23E0AD419475F3F00A924BB /* XCTest.framework */,
			);
			name = Frameworks;
			sourceTree = "<group>";
		};
		B23E0AC119475F3F00A924BB /* CirucularLock */ = {
			isa = PBXGroup;
			children = (
				B23426E419485CED00A0D11C /* Resources */,
				B23E0ACA19475F3F00A924BB /* AppDelegate.h */,
				B23E0ACB19475F3F00A924BB /* AppDelegate.m */,
				B23E0ACD19475F3F00A924BB /* Images.xcassets */,
				B23E0AC219475F3F00A924BB /* Supporting Files */,
				B23E0AEA1947650800A924BB /* TestViewController.h */,
				B23E0AEB1947650800A924BB /* TestViewController.m */,
				B23E0AED1947653B00A924BB /* CircularLock.h */,
				B23E0AEE1947653B00A924BB /* CircularLock.m */,
			);
			path = CirucularLock;
			sourceTree = "<group>";
		};
		B23E0AC219475F3F00A924BB /* Supporting Files */ = {
			isa = PBXGroup;
			children = (
				B23E0AC319475F3F00A924BB /* CirucularLock-Info.plist */,
				B23E0AC419475F3F00A924BB /* InfoPlist.strings */,
				B23E0AC719475F3F00A924BB /* main.m */,
				B23E0AC919475F3F00A924BB /* CirucularLock-Prefix.pch */,
			);
			name = "Supporting Files";
			sourceTree = "<group>";
		};
		B23E0ADA19475F3F00A924BB /* CirucularLockTests */ = {
			isa = PBXGroup;
			children = (
				B23E0AE019475F3F00A924BB /* CirucularLockTests.m */,
				B23E0ADB19475F3F00A924BB /* Supporting Files */,
			);
			path = CirucularLockTests;
			sourceTree = "<group>";
		};
		B23E0ADB19475F3F00A924BB /* Supporting Files */ = {
			isa = PBXGroup;
			children = (
				B23E0ADC19475F3F00A924BB /* CirucularLockTests-Info.plist */,
				B23E0ADD19475F3F00A924BB /* InfoPlist.strings */,
			);
			name = "Supporting Files";
			sourceTree = "<group>";
		};
/* End PBXGroup section */

/* Begin PBXNativeTarget section */
		B23E0AB719475F3F00A924BB /* CirucularLock */ = {
			isa = PBXNativeTarget;
			buildConfigurationList = B23E0AE419475F3F00A924BB /* Build configuration list for PBXNativeTarget "CirucularLock" */;
			buildPhases = (
				B23E0AB419475F3F00A924BB /* Sources */,
				B23E0AB519475F3F00A924BB /* Frameworks */,
				B23E0AB619475F3F00A924BB /* Resources */,
			);
			buildRules = (
			);
			dependencies = (
			);
			name = CirucularLock;
			productName = CirucularLock;
			productReference = B23E0AB819475F3F00A924BB /* CirucularLock.app */;
			productType = "com.apple.product-type.application";
		};
		B23E0AD219475F3F00A924BB /* CirucularLockTests */ = {
			isa = PBXNativeTarget;
			buildConfigurationList = B23E0AE719475F3F00A924BB /* Build configuration list for PBXNativeTarget "CirucularLockTests" */;
			buildPhases = (
				B23E0ACF19475F3F00A924BB /* Sources */,
				B23E0AD019475F3F00A924BB /* Frameworks */,
				B23E0AD119475F3F00A924BB /* Resources */,
			);
			buildRules = (
			);
			dependencies = (
				B23E0AD919475F3F00A924BB /* PBXTargetDependency */,
			);
			name = CirucularLockTests;
			productName = CirucularLockTests;
			productReference = B23E0AD319475F3F00A924BB /* CirucularLockTests.xctest */;
			productType = "com.apple.product-type.bundle.unit-test";
		};
/* End PBXNativeTarget section */

/* Begin PBXProject section */
		B23E0AB019475F3F00A924BB /* Project object */ = {
			isa = PBXProject;
			attributes = {
				LastUpgradeCheck = 0510;
				ORGANIZATIONNAME = studionord;
				TargetAttributes = {
					B23E0AD219475F3F00A924BB = {
						TestTargetID = B23E0AB719475F3F00A924BB;
					};
				};
			};
			buildConfigurationList = B23E0AB319475F3F00A924BB /* Build configuration list for PBXProject "CirucularLock" */;
			compatibilityVersion = "Xcode 3.2";
			developmentRegion = English;
			hasScannedForEncodings = 0;
			knownRegions = (
				en,
			);
			mainGroup = B23E0AAF19475F3F00A924BB;
			productRefGroup = B23E0AB919475F3F00A924BB /* Products */;
			projectDirPath = "";
			projectRoot = "";
			targets = (
				B23E0AB719475F3F00A924BB /* CirucularLock */,
				B23E0AD219475F3F00A924BB /* CirucularLockTests */,
			);
		};
/* End PBXProject section */

/* Begin PBXResourcesBuildPhase section */
		B23E0AB619475F3F00A924BB /* Resources */ = {
			isa = PBXResourcesBuildPhase;
			buildActionMask = 2147483647;
			files = (
				B23426EA1948670C00A0D11C /* lockedTransparent@2x.png in Resources */,
				B23E0AC619475F3F00A924BB /* InfoPlist.strings in Resources */,
				B23426E819485CED00A0D11C /* unlocked@2x.png in Resources */,
				B23426E719485CED00A0D11C /* locked@2x.png in Resources */,
				B23E0ACE19475F3F00A924BB /* Images.xcassets in Resources */,
			);
			runOnlyForDeploymentPostprocessing = 0;
		};
		B23E0AD119475F3F00A924BB /* Resources */ = {
			isa = PBXResourcesBuildPhase;
			buildActionMask = 2147483647;
			files = (
				B23E0ADF19475F3F00A924BB /* InfoPlist.strings in Resources */,
			);
			runOnlyForDeploymentPostprocessing = 0;
		};
/* End PBXResourcesBuildPhase section */

/* Begin PBXSourcesBuildPhase section */
		B23E0AB419475F3F00A924BB /* Sources */ = {
			isa = PBXSourcesBuildPhase;
			buildActionMask = 2147483647;
			files = (
				B23E0AEC1947650800A924BB /* TestViewController.m in Sources */,
				B23E0ACC19475F3F00A924BB /* AppDelegate.m in Sources */,
				B23E0AC819475F3F00A924BB /* main.m in Sources */,
				B23E0AEF1947653B00A924BB /* CircularLock.m in Sources */,
			);
			runOnlyForDeploymentPostprocessing = 0;
		};
		B23E0ACF19475F3F00A924BB /* Sources */ = {
			isa = PBXSourcesBuildPhase;
			buildActionMask = 2147483647;
			files = (
				B23E0AE119475F3F00A924BB /* CirucularLockTests.m in Sources */,
			);
			runOnlyForDeploymentPostprocessing = 0;
		};
/* End PBXSourcesBuildPhase section */

/* Begin PBXTargetDependency section */
		B23E0AD919475F3F00A924BB /* PBXTargetDependency */ = {
			isa = PBXTargetDependency;
			target = B23E0AB719475F3F00A924BB /* CirucularLock */;
			targetProxy = B23E0AD819475F3F00A924BB /* PBXContainerItemProxy */;
		};
/* End PBXTargetDependency section */

/* Begin PBXVariantGroup section */
		B23E0AC419475F3F00A924BB /* InfoPlist.strings */ = {
			isa = PBXVariantGroup;
			children = (
				B23E0AC519475F3F00A924BB /* en */,
			);
			name = InfoPlist.strings;
			sourceTree = "<group>";
		};
		B23E0ADD19475F3F00A924BB /* InfoPlist.strings */ = {
			isa = PBXVariantGroup;
			children = (
				B23E0ADE19475F3F00A924BB /* en */,
			);
			name = InfoPlist.strings;
			sourceTree = "<group>";
		};
/* End PBXVariantGroup section */

/* Begin XCBuildConfiguration section */
		B23E0AE219475F3F00A924BB /* Debug */ = {
			isa = XCBuildConfiguration;
			buildSettings = {
				ALWAYS_SEARCH_USER_PATHS = NO;
				CLANG_CXX_LANGUAGE_STANDARD = "gnu++0x";
				CLANG_CXX_LIBRARY = "libc++";
				CLANG_ENABLE_MODULES = YES;
				CLANG_ENABLE_OBJC_ARC = YES;
				CLANG_WARN_BOOL_CONVERSION = YES;
				CLANG_WARN_CONSTANT_CONVERSION = YES;
				CLANG_WARN_DIRECT_OBJC_ISA_USAGE = YES_ERROR;
				CLANG_WARN_EMPTY_BODY = YES;
				CLANG_WARN_ENUM_CONVERSION = YES;
				CLANG_WARN_INT_CONVERSION = YES;
				CLANG_WARN_OBJC_ROOT_CLASS = YES_ERROR;
				CLANG_WARN__DUPLICATE_METHOD_MATCH = YES;
				"CODE_SIGN_IDENTITY[sdk=iphoneos*]" = "iPhone Developer";
				COPY_PHASE_STRIP = NO;
				GCC_C_LANGUAGE_STANDARD = gnu99;
				GCC_DYNAMIC_NO_PIC = NO;
				GCC_OPTIMIZATION_LEVEL = 0;
				GCC_PREPROCESSOR_DEFINITIONS = (
					"DEBUG=1",
					"$(inherited)",
				);
				GCC_SYMBOLS_PRIVATE_EXTERN = NO;
				GCC_WARN_64_TO_32_BIT_CONVERSION = YES;
				GCC_WARN_ABOUT_RETURN_TYPE = YES_ERROR;
				GCC_WARN_UNDECLARED_SELECTOR = YES;
				GCC_WARN_UNINITIALIZED_AUTOS = YES_AGGRESSIVE;
				GCC_WARN_UNUSED_FUNCTION = YES;
				GCC_WARN_UNUSED_VARIABLE = YES;
				IPHONEOS_DEPLOYMENT_TARGET = 7.1;
				ONLY_ACTIVE_ARCH = YES;
				SDKROOT = iphoneos;
				TARGETED_DEVICE_FAMILY = "1,2";
			};
			name = Debug;
		};
		B23E0AE319475F3F00A924BB /* Release */ = {
			isa = XCBuildConfiguration;
			buildSettings = {
				ALWAYS_SEARCH_USER_PATHS = NO;
				CLANG_CXX_LANGUAGE_STANDARD = "gnu++0x";
				CLANG_CXX_LIBRARY = "libc++";
				CLANG_ENABLE_MODULES = YES;
				CLANG_ENABLE_OBJC_ARC = YES;
				CLANG_WARN_BOOL_CONVERSION = YES;
				CLANG_WARN_CONSTANT_CONVERSION = YES;
				CLANG_WARN_DIRECT_OBJC_ISA_USAGE = YES_ERROR;
				CLANG_WARN_EMPTY_BODY = YES;
				CLANG_WARN_ENUM_CONVERSION = YES;
				CLANG_WARN_INT_CONVERSION = YES;
				CLANG_WARN_OBJC_ROOT_CLASS = YES_ERROR;
				CLANG_WARN__DUPLICATE_METHOD_MATCH = YES;
				"CODE_SIGN_IDENTITY[sdk=iphoneos*]" = "iPhone Developer";
				COPY_PHASE_STRIP = YES;
				ENABLE_NS_ASSERTIONS = NO;
				GCC_C_LANGUAGE_STANDARD = gnu99;
				GCC_WARN_64_TO_32_BIT_CONVERSION = YES;
				GCC_WARN_ABOUT_RETURN_TYPE = YES_ERROR;
				GCC_WARN_UNDECLARED_SELECTOR = YES;
				GCC_WARN_UNINITIALIZED_AUTOS = YES_AGGRESSIVE;
				GCC_WARN_UNUSED_FUNCTION = YES;
				GCC_WARN_UNUSED_VARIABLE = YES;
				IPHONEOS_DEPLOYMENT_TARGET = 7.1;
				SDKROOT = iphoneos;
				TARGETED_DEVICE_FAMILY = "1,2";
				VALIDATE_PRODUCT = YES;
			};
			name = Release;
		};
		B23E0AE519475F3F00A924BB /* Debug */ = {
			isa = XCBuildConfiguration;
			buildSettings = {
				ASSETCATALOG_COMPILER_APPICON_NAME = AppIcon;
				ASSETCATALOG_COMPILER_LAUNCHIMAGE_NAME = LaunchImage;
				GCC_PRECOMPILE_PREFIX_HEADER = YES;
				GCC_PREFIX_HEADER = "CirucularLock/CirucularLock-Prefix.pch";
				INFOPLIST_FILE = "CirucularLock/CirucularLock-Info.plist";
				PRODUCT_NAME = "$(TARGET_NAME)";
				WRAPPER_EXTENSION = app;
			};
			name = Debug;
		};
		B23E0AE619475F3F00A924BB /* Release */ = {
			isa = XCBuildConfiguration;
			buildSettings = {
				ASSETCATALOG_COMPILER_APPICON_NAME = AppIcon;
				ASSETCATALOG_COMPILER_LAUNCHIMAGE_NAME = LaunchImage;
				GCC_PRECOMPILE_PREFIX_HEADER = YES;
				GCC_PREFIX_HEADER = "CirucularLock/CirucularLock-Prefix.pch";
				INFOPLIST_FILE = "CirucularLock/CirucularLock-Info.plist";
				PRODUCT_NAME = "$(TARGET_NAME)";
				WRAPPER_EXTENSION = app;
			};
			name = Release;
		};
		B23E0AE819475F3F00A924BB /* Debug */ = {
			isa = XCBuildConfiguration;
			buildSettings = {
				BUNDLE_LOADER = "$(BUILT_PRODUCTS_DIR)/CirucularLock.app/CirucularLock";
				FRAMEWORK_SEARCH_PATHS = (
					"$(SDKROOT)/Developer/Library/Frameworks",
					"$(inherited)",
					"$(DEVELOPER_FRAMEWORKS_DIR)",
				);
				GCC_PRECOMPILE_PREFIX_HEADER = YES;
				GCC_PREFIX_HEADER = "CirucularLock/CirucularLock-Prefix.pch";
				GCC_PREPROCESSOR_DEFINITIONS = (
					"DEBUG=1",
					"$(inherited)",
				);
				INFOPLIST_FILE = "CirucularLockTests/CirucularLockTests-Info.plist";
				PRODUCT_NAME = "$(TARGET_NAME)";
				TEST_HOST = "$(BUNDLE_LOADER)";
				WRAPPER_EXTENSION = xctest;
			};
			name = Debug;
		};
		B23E0AE919475F3F00A924BB /* Release */ = {
			isa = XCBuildConfiguration;
			buildSettings = {
				BUNDLE_LOADER = "$(BUILT_PRODUCTS_DIR)/CirucularLock.app/CirucularLock";
				FRAMEWORK_SEARCH_PATHS = (
					"$(SDKROOT)/Developer/Library/Frameworks",
					"$(inherited)",
					"$(DEVELOPER_FRAMEWORKS_DIR)",
				);
				GCC_PRECOMPILE_PREFIX_HEADER = YES;
				GCC_PREFIX_HEADER = "CirucularLock/CirucularLock-Prefix.pch";
				INFOPLIST_FILE = "CirucularLockTests/CirucularLockTests-Info.plist";
				PRODUCT_NAME = "$(TARGET_NAME)";
				TEST_HOST = "$(BUNDLE_LOADER)";
				WRAPPER_EXTENSION = xctest;
			};
			name = Release;
		};
/* End XCBuildConfiguration section */

/* Begin XCConfigurationList section */
		B23E0AB319475F3F00A924BB /* Build configuration list for PBXProject "CirucularLock" */ = {
			isa = XCConfigurationList;
			buildConfigurations = (
				B23E0AE219475F3F00A924BB /* Debug */,
				B23E0AE319475F3F00A924BB /* Release */,
			);
			defaultConfigurationIsVisible = 0;
			defaultConfigurationName = Release;
		};
		B23E0AE419475F3F00A924BB /* Build configuration list for PBXNativeTarget "CirucularLock" */ = {
			isa = XCConfigurationList;
			buildConfigurations = (
				B23E0AE519475F3F00A924BB /* Debug */,
				B23E0AE619475F3F00A924BB /* Release */,
			);
			defaultConfigurationIsVisible = 0;
			defaultConfigurationName = Release;
		};
		B23E0AE719475F3F00A924BB /* Build configuration list for PBXNativeTarget "CirucularLockTests" */ = {
			isa = XCConfigurationList;
			buildConfigurations = (
				B23E0AE819475F3F00A924BB /* Debug */,
				B23E0AE919475F3F00A924BB /* Release */,
			);
			defaultConfigurationIsVisible = 0;
			defaultConfigurationName = Release;
		};
/* End XCConfigurationList section */
	};
	rootObject = B23E0AB019475F3F00A924BB /* Project object */;
}
